
Microsoft Visual Studio Solution File, Format Version 12.00
# Visual Studio Version 16
VisualStudioVersion = 16.0.32002.261
MinimumVisualStudioVersion = 10.0.40219.1
Project("{FAE04EC0-301F-11D3-BF4B-00C04F79EFBC}") = "ShiftApi", "ShiftApi.csproj", "{339704FB-499D-4D16-8C7A-0672B76E6E6A}"
EndProject
Global
	GlobalSection(SolutionConfigurationPlatforms) = preSolution
		Debug|Any CPU = Debug|Any CPU
		Release|Any CPU = Release|Any CPU
	EndGlobalSection
	GlobalSection(ProjectConfigurationPlatforms) = postSolution
		{339704FB-499D-4D16-8C7A-0672B76E6E6A}.Debug|Any CPU.ActiveCfg = Debug|Any CPU
		{339704FB-499D-4D16-8C7A-0672B76E6E6A}.Debug|Any CPU.Build.0 = Debug|Any CPU
		{339704FB-499D-4D16-8C7A-0672B76E6E6A}.Release|Any CPU.ActiveCfg = Release|Any CPU
		{339704FB-499D-4D16-8C7A-0672B76E6E6A}.Release|Any CPU.Build.0 = Release|Any CPU
	EndGlobalSection
	GlobalSection(SolutionProperties) = preSolution
		HideSolutionNode = FALSE
	EndGlobalSection
	GlobalSection(ExtensibilityGlobals) = postSolution
		SolutionGuid = {91806B10-5DBE-4B2A-94A5-ED3CFA470677}
	EndGlobalSection
EndGlobal
